
Microsoft Visual Studio Solution File, Format Version 12.00
# Visual Studio Version 17
VisualStudioVersion = 17.9.34728.123
MinimumVisualStudioVersion = 10.0.40219.1
Project("{FAE04EC0-301F-11D3-BF4B-00C04F79EFBC}") = "MeuProjetoTeste", "MeuProjetoTeste\MeuProjetoTeste.csproj", "{33DF90F5-E817-4D26-BEC3-ECA45B75A7A1}"
EndProject
Global
	GlobalSection(SolutionConfigurationPlatforms) = preSolution
		Debug|Any CPU = Debug|Any CPU
		Release|Any CPU = Release|Any CPU
	EndGlobalSection
	GlobalSection(ProjectConfigurationPlatforms) = postSolution
		{33DF90F5-E817-4D26-BEC3-ECA45B75A7A1}.Debug|Any CPU.ActiveCfg = Debug|Any CPU
		{33DF90F5-E817-4D26-BEC3-ECA45B75A7A1}.Debug|Any CPU.Build.0 = Debug|Any CPU
		{33DF90F5-E817-4D26-BEC3-ECA45B75A7A1}.Release|Any CPU.ActiveCfg = Release|Any CPU
		{33DF90F5-E817-4D26-BEC3-ECA45B75A7A1}.Release|Any CPU.Build.0 = Release|Any CPU
	EndGlobalSection
	GlobalSection(SolutionProperties) = preSolution
		HideSolutionNode = FALSE
	EndGlobalSection
	GlobalSection(ExtensibilityGlobals) = postSolution
		SolutionGuid = {17EE561A-2C7F-4053-AD64-A5A2161D29E2}
	EndGlobalSection
EndGlobal
